
Microsoft Visual Studio Solution File, Format Version 12.00
# Visual Studio Version 17
VisualStudioVersion = 17.2.32630.192
MinimumVisualStudioVersion = 10.0.40219.1
Project("{FAE04EC0-301F-11D3-BF4B-00C04F79EFBC}") = "Demo1", "Demo1\Demo1.csproj", "{CE96FD2E-D506-41D2-B14D-377FB4942451}"
EndProject
Global
	GlobalSection(SolutionConfigurationPlatforms) = preSolution
		Debug|Any CPU = Debug|Any CPU
		Release|Any CPU = Release|Any CPU
	EndGlobalSection
	GlobalSection(ProjectConfigurationPlatforms) = postSolution
		{CE96FD2E-D506-41D2-B14D-377FB4942451}.Debug|Any CPU.ActiveCfg = Debug|Any CPU
		{CE96FD2E-D506-41D2-B14D-377FB4942451}.Debug|Any CPU.Build.0 = Debug|Any CPU
		{CE96FD2E-D506-41D2-B14D-377FB4942451}.Release|Any CPU.ActiveCfg = Release|Any CPU
		{CE96FD2E-D506-41D2-B14D-377FB4942451}.Release|Any CPU.Build.0 = Release|Any CPU
	EndGlobalSection
	GlobalSection(SolutionProperties) = preSolution
		HideSolutionNode = FALSE
	EndGlobalSection
	GlobalSection(ExtensibilityGlobals) = postSolution
		SolutionGuid = {BBFB63C7-6FD2-470A-B76D-96B27AA92B32}
	EndGlobalSection
EndGlobal
